
Microsoft Visual Studio Solution File, Format Version 12.00
# Visual Studio Version 16
VisualStudioVersion = 16.0.29215.179
MinimumVisualStudioVersion = 10.0.40219.1
Project("{9A19103F-16F7-4668-BE54-9A1E7A4F7556}") = "StudentProject", "StudentProject\StudentProject.csproj", "{39FE5ED7-0BF3-48BD-9106-C15739EB20C4}"
EndProject
Project("{FAE04EC0-301F-11D3-BF4B-00C04F79EFBC}") = "StudentProject.Test", "StudentProject.Test\StudentProject.Test.csproj", "{57FB4263-0FDD-41F8-BC0A-DB9BC8A242CD}"
EndProject
Global
	GlobalSection(SolutionConfigurationPlatforms) = preSolution
		Debug|Any CPU = Debug|Any CPU
		Release|Any CPU = Release|Any CPU
	EndGlobalSection
	GlobalSection(ProjectConfigurationPlatforms) = postSolution
		{39FE5ED7-0BF3-48BD-9106-C15739EB20C4}.Debug|Any CPU.ActiveCfg = Debug|Any CPU
		{39FE5ED7-0BF3-48BD-9106-C15739EB20C4}.Debug|Any CPU.Build.0 = Debug|Any CPU
		{39FE5ED7-0BF3-48BD-9106-C15739EB20C4}.Release|Any CPU.ActiveCfg = Release|Any CPU
		{39FE5ED7-0BF3-48BD-9106-C15739EB20C4}.Release|Any CPU.Build.0 = Release|Any CPU
		{57FB4263-0FDD-41F8-BC0A-DB9BC8A242CD}.Debug|Any CPU.ActiveCfg = Debug|Any CPU
		{57FB4263-0FDD-41F8-BC0A-DB9BC8A242CD}.Debug|Any CPU.Build.0 = Debug|Any CPU
		{57FB4263-0FDD-41F8-BC0A-DB9BC8A242CD}.Release|Any CPU.ActiveCfg = Release|Any CPU
		{57FB4263-0FDD-41F8-BC0A-DB9BC8A242CD}.Release|Any CPU.Build.0 = Release|Any CPU
	EndGlobalSection
	GlobalSection(SolutionProperties) = preSolution
		HideSolutionNode = FALSE
	EndGlobalSection
	GlobalSection(ExtensibilityGlobals) = postSolution
		SolutionGuid = {5F6C935C-F7BC-4FD7-999D-2093EC3F5960}
	EndGlobalSection
EndGlobal
